
Microsoft Visual Studio Solution File, Format Version 12.00
Project("{FAE04EC0-301F-11D3-BF4B-00C04F79EFBC}") = "Cypherly.Authentication.API", "Cypherly.Authentication.API\Cypherly.Authentication.API.csproj", "{F62BB38C-EAD8-4882-86F4-C06114A1FB03}"
EndProject
Project("{2150E333-8FDC-42A3-9474-1A3956D46DE8}") = "src", "src", "{D388C026-0CAC-4E23-AFC5-080C14BC571D}"
EndProject
Project("{2150E333-8FDC-42A3-9474-1A3956D46DE8}") = "API", "API", "{FBB8E791-E41F-4207-9D92-3B6500B8B1C1}"
EndProject
Project("{2150E333-8FDC-42A3-9474-1A3956D46DE8}") = "Application", "Application", "{EFD5686F-D5D3-4BD0-BFBC-0C776BDD0413}"
EndProject
Project("{2150E333-8FDC-42A3-9474-1A3956D46DE8}") = "Common", "Common", "{8918B395-BF77-410D-A2CE-8D0389FD3EB8}"
EndProject
Project("{2150E333-8FDC-42A3-9474-1A3956D46DE8}") = "Domain", "Domain", "{CA28311D-8063-462F-9FA0-1C4E5FDFA7B0}"
EndProject
Project("{FAE04EC0-301F-11D3-BF4B-00C04F79EFBC}") = "Cypherly.Application", "Cypherly.Application\Cypherly.Application.csproj", "{54777D72-E61A-495D-88F4-84A7E6B6DE03}"
EndProject
Project("{FAE04EC0-301F-11D3-BF4B-00C04F79EFBC}") = "Cypherly.Domain", "Cypherly.Domain\Cypherly.Domain.csproj", "{63BB4D90-CDFB-40E8-9636-96DDAB90FA6E}"
EndProject
Project("{FAE04EC0-301F-11D3-BF4B-00C04F79EFBC}") = "Cypherly.Authentication.Application", "Cypherly.Authentication.Application\Cypherly.Authentication.Application.csproj", "{256F1CCB-0972-4850-A410-2E67A324C461}"
EndProject
Project("{FAE04EC0-301F-11D3-BF4B-00C04F79EFBC}") = "Cypherly.Authentication.Domain", "Cypherly.Authentication.Domain\Cypherly.Authentication.Domain.csproj", "{0B525638-FE25-4385-822B-5E93B97D6234}"
EndProject
Project("{FAE04EC0-301F-11D3-BF4B-00C04F79EFBC}") = "Cypherly.UserManagement.Application", "Cypherly.UserManagement.Application\Cypherly.UserManagement.Application.csproj", "{BBD38C80-3EBA-4611-8851-4FD658E527C8}"
EndProject
Project("{FAE04EC0-301F-11D3-BF4B-00C04F79EFBC}") = "Cypherly.UserManagement.Domain", "Cypherly.UserManagement.Domain\Cypherly.UserManagement.Domain.csproj", "{1D2E8A97-F292-4421-919F-F6B555C54E3C}"
EndProject
Project("{FAE04EC0-301F-11D3-BF4B-00C04F79EFBC}") = "Cypherly.UserManagement.Persistence", "Cypherly.UserManagement.Persistence\Cypherly.UserManagement.Persistence.csproj", "{D7D9E91D-E989-42D9-BD8C-D0E8C4A2BA2E}"
EndProject
Project("{FAE04EC0-301F-11D3-BF4B-00C04F79EFBC}") = "Cypherly.Authentication.Persistence", "Cypherly.Authentication.Persistence\Cypherly.Authentication.Persistence.csproj", "{8E337A98-8218-4EC2-9262-408DF01DDFB2}"
EndProject
Project("{2150E333-8FDC-42A3-9474-1A3956D46DE8}") = "Persistence", "Persistence", "{ECC35AA6-754E-40A8-B62D-0557715E42AA}"
EndProject
Project("{FAE04EC0-301F-11D3-BF4B-00C04F79EFBC}") = "Cypherly.Persistence", "Cypherly.Persistence\Cypherly.Persistence.csproj", "{D1B7FA2D-C4A1-4307-9535-72FCE9CD7B8C}"
EndProject
Project("{2150E333-8FDC-42A3-9474-1A3956D46DE8}") = "Solution Items", "Solution Items", "{AA7360CD-69A6-41F1-A8C8-2D263D4581AA}"
	ProjectSection(SolutionItems) = preProject
		cypherly-dev-docker-compose.yml = cypherly-dev-docker-compose.yml
		.github\workflows\dotnet.yml = .github\workflows\dotnet.yml
		.github\workflows\dev-deploy.yml = .github\workflows\dev-deploy.yml
	EndProjectSection
EndProject
Project("{FAE04EC0-301F-11D3-BF4B-00C04F79EFBC}") = "Cypherly.UserManagement.API", "Cypherly.UserManagement.API\Cypherly.UserManagement.API.csproj", "{C346E2BF-4AC9-4252-92E6-5376DD402269}"
EndProject
Project("{2150E333-8FDC-42A3-9474-1A3956D46DE8}") = "Test", "Test", "{E895BA28-EE61-4B1D-A846-77FDD447597D}"
EndProject
Project("{2150E333-8FDC-42A3-9474-1A3956D46DE8}") = "Cypherly.Authentication.Test", "Cypherly.Authentication.Test", "{BDA59F14-F25E-4483-BB4C-A93DA1A4CFD8}"
EndProject
Project("{FAE04EC0-301F-11D3-BF4B-00C04F79EFBC}") = "Cypherly.Authentication.Architecture.Test", "Cypherly.Authentication.Architecture.Test\Cypherly.Authentication.Architecture.Test.csproj", "{1E4A0D81-346A-436D-89D1-1C135B0B7851}"
EndProject
Project("{2150E333-8FDC-42A3-9474-1A3956D46DE8}") = "Cypherly.UserManagement.Test", "Cypherly.UserManagement.Test", "{6ACA2E08-F122-4F46-8774-90F0CD4705C3}"
EndProject
Project("{FAE04EC0-301F-11D3-BF4B-00C04F79EFBC}") = "Cypherly.UserManagement.Architecture.Test", "Cypherly.UserManagement.Architecture.Test\Cypherly.UserManagement.Architecture.Test.csproj", "{BBABFDB4-E516-4F54-A633-A7EF5D444BB8}"
EndProject
Project("{FAE04EC0-301F-11D3-BF4B-00C04F79EFBC}") = "Cypherly.Authentication.Application.Test.Unit", "Cypherly.Authentication.Application.Test.Unit\Cypherly.Authentication.Application.Test.Unit.csproj", "{2E741E65-C36B-41B3-A433-3EBB78F3BC01}"
EndProject
Project("{FAE04EC0-301F-11D3-BF4B-00C04F79EFBC}") = "Cypherly.Authentication.Domain.Test.Unit", "Cypherly.Authentication.Domain.Test.Unit\Cypherly.Authentication.Domain.Test.Unit.csproj", "{86E51C34-A2F3-4B0E-BF11-6233C117CDDB}"
EndProject
Project("{FAE04EC0-301F-11D3-BF4B-00C04F79EFBC}") = "Cypherly.MassTransit.Messaging", "Cypherly.MassTransit.Messaging\Cypherly.MassTransit.Messaging.csproj", "{0039AE6C-7E26-4B32-ABED-942F4C274B78}"
EndProject
Project("{2150E333-8FDC-42A3-9474-1A3956D46DE8}") = "Messaging", "Messaging", "{26F11944-D49E-4C9B-885B-92B642A5EAE4}"
EndProject
Project("{FAE04EC0-301F-11D3-BF4B-00C04F79EFBC}") = "MiniEmail.API", "MiniEmail.API\MiniEmail.API.csproj", "{1EFDDFE7-F9DB-4F7C-ACC0-1CB6698E3D39}"
EndProject
Project("{FAE04EC0-301F-11D3-BF4B-00C04F79EFBC}") = "Cypherly.Outboxing.Messaging", "Cypherly.Outboxing.Messaging\Cypherly.Outboxing.Messaging.csproj", "{0414AF85-92BA-45B6-B95B-28F270D5A31E}"
EndProject
Project("{2150E333-8FDC-42A3-9474-1A3956D46DE8}") = "MiniEmail.API.Test", "MiniEmail.API.Test", "{FB7A00E3-FAB1-45B6-B563-CD6DF78FAC6D}"
EndProject
Project("{FAE04EC0-301F-11D3-BF4B-00C04F79EFBC}") = "MiniEmail.API.Test.Unit", "MiniEmail.API.Test.Unit\MiniEmail.API.Test.Unit.csproj", "{4BAE76CB-9004-475B-B651-FC6441893914}"
EndProject
Project("{FAE04EC0-301F-11D3-BF4B-00C04F79EFBC}") = "Cypherly.UserManagement.Domain.Test.Unit", "Cypherly.UserManagement.Domain.Test.Unit\Cypherly.UserManagement.Domain.Test.Unit.csproj", "{96DE9446-D69A-4037-8066-959920804B8D}"
EndProject
Project("{FAE04EC0-301F-11D3-BF4B-00C04F79EFBC}") = "Cypherly.UserManagement.Application.Test.Unit", "Cypherly.UserManagement.Application.Test.Unit\Cypherly.UserManagement.Application.Test.Unit.csproj", "{2DF24CD5-38D4-4ACB-828F-34378E04B34F}"
EndProject
Project("{2150E333-8FDC-42A3-9474-1A3956D46DE8}") = "Cypherly.Messaging.Test", "Cypherly.Messaging.Test", "{19A86B3A-127B-416E-A295-31191A5F32D0}"
EndProject
Project("{FAE04EC0-301F-11D3-BF4B-00C04F79EFBC}") = "Cypherly.Outboxing.Messaging.Test.Unit", "Cypherly.Outboxing.Messaging.Test.Unit\Cypherly.Outboxing.Messaging.Test.Unit.csproj", "{DB33667A-C105-4E0D-B5BB-765FCF93C762}"
EndProject
Project("{FAE04EC0-301F-11D3-BF4B-00C04F79EFBC}") = "Cypherly.MassTransit.Messaging.Test.Unit", "Cypherly.MassTransit.Messaging.Test.Unit\Cypherly.MassTransit.Messaging.Test.Unit.csproj", "{05EACA90-2644-4BD0-93C1-256F56CC01E1}"
EndProject
Project("{FAE04EC0-301F-11D3-BF4B-00C04F79EFBC}") = "Cypherly.Authentication.Application.Test.Integration", "Cypherly.Authentication.Application.Test.Integration\Cypherly.Authentication.Application.Test.Integration.csproj", "{E06001E5-A9E2-4F2F-8A80-4D368771349E}"
EndProject
Project("{FAE04EC0-301F-11D3-BF4B-00C04F79EFBC}") = "TestUtilities", "TestUtilities\TestUtilities.csproj", "{66E5236F-7375-4E2B-817D-A2E68FD401A9}"
EndProject
Project("{FAE04EC0-301F-11D3-BF4B-00C04F79EFBC}") = "Cypherly.UserManagement.Application.Test.Integration", "Cypherly.UserManagement.Application.Test.Integration\Cypherly.UserManagement.Application.Test.Integration.csproj", "{911467ED-70E6-4E9B-A1BA-768C0196D00A}"
EndProject
Project("{FAE04EC0-301F-11D3-BF4B-00C04F79EFBC}") = "MiniEmail.API.Test.Integration", "MiniEmail.API.Test.Integration\MiniEmail.API.Test.Integration.csproj", "{CBA4C11F-B9CA-4933-B7D6-3A2F17F86C29}"
EndProject
Project("{FAE04EC0-301F-11D3-BF4B-00C04F79EFBC}") = "Cypherly.UserManagement.Bucket", "Cypherly.UserManagement.Bucket\Cypherly.UserManagement.Bucket.csproj", "{C2F8BFA7-A559-4FDA-8350-A1B94CAFF4F0}"
EndProject
Project("{FAE04EC0-301F-11D3-BF4B-00C04F79EFBC}") = "Cypherly.UserManagement.Storage.Test.Unit", "Cypherly.UserManagement.Storage.Test.Unit\Cypherly.UserManagement.Storage.Test.Unit.csproj", "{BEFC1B36-6D64-4F11-A1B7-B85F922ED098}"
EndProject
Project("{FAE04EC0-301F-11D3-BF4B-00C04F79EFBC}") = "Cypherly.API", "Cypherly.API\Cypherly.API.csproj", "{38506443-D270-4E6F-8C18-A16D719FEE51}"
EndProject
Project("{FAE04EC0-301F-11D3-BF4B-00C04F79EFBC}") = "Cypherly.SagaOrchestrator", "Cypherly.SagaOrchestrator\Cypherly.SagaOrchestrator.csproj", "{21223157-2D0E-46DB-AED4-97FFAC926F83}"
EndProject
Project("{FAE04EC0-301F-11D3-BF4B-00C04F79EFBC}") = "Cypherly.Common.Messaging", "Cypherly.Common.Messaging\Cypherly.Common.Messaging.csproj", "{0E49DF6D-4E36-4EFA-AD37-7F4C0310DAB8}"
EndProject
Project("{FAE04EC0-301F-11D3-BF4B-00C04F79EFBC}") = "Cypherly.SagaOrchestrator.Messaging.Test.Unit", "Cypherly.SagaOrchestrator.Messaging.Test.Unit\Cypherly.SagaOrchestrator.Messaging.Test.Unit.csproj", "{38407EE2-2BFD-4BE2-9366-58BA87EA30C9}"
EndProject
Project("{FAE04EC0-301F-11D3-BF4B-00C04F79EFBC}") = "Cypherly.Authentication.Valkey", "Cypherly.Authentication.Valkey\Cypherly.Authentication.Valkey.csproj", "{6126BE0D-2E39-42A9-9B6B-C9C3A9842005}"
EndProject
Project("{2150E333-8FDC-42A3-9474-1A3956D46DE8}") = "Cypherly.Authentication", "Cypherly.Authentication", "{6A93D0E3-F74C-4B46-A88E-1284E1A99775}"
EndProject
Project("{2150E333-8FDC-42A3-9474-1A3956D46DE8}") = "Cypherly.UserManagement", "Cypherly.UserManagement", "{A38CA488-CDBB-4816-BEEB-A5AC2D912607}"
EndProject
Project("{2150E333-8FDC-42A3-9474-1A3956D46DE8}") = "Cypherly.Email", "Cypherly.Email", "{5047DA5C-284A-420C-BFA4-D3C285D6FC32}"
EndProject
Project("{2150E333-8FDC-42A3-9474-1A3956D46DE8}") = "Cypherly.SagaOrchestrator", "Cypherly.SagaOrchestrator", "{19E7FB9E-86C9-40F4-83F3-5A50CB49971D}"
EndProject
Project("{2150E333-8FDC-42A3-9474-1A3956D46DE8}") = "Cypherly.ChatServer", "Cypherly.ChatServer", "{D9F0428A-9F33-4AEE-A853-1FAA4B9C1297}"
EndProject
Project("{FAE04EC0-301F-11D3-BF4B-00C04F79EFBC}") = "Cypherly.ChatServer.API", "Cypherly.ChatServer.API\Cypherly.ChatServer.API.csproj", "{78271992-B102-41E4-8211-1C62A35CF064}"
EndProject
Project("{FAE04EC0-301F-11D3-BF4B-00C04F79EFBC}") = "Cypherly.ChatServer.Persistence", "Cypherly.ChatServer.Persistence\Cypherly.ChatServer.Persistence.csproj", "{38CDF05D-E75C-4768-B4AA-E415ABA1B8EC}"
EndProject
Project("{FAE04EC0-301F-11D3-BF4B-00C04F79EFBC}") = "Cypherly.ChatServer.Application", "Cypherly.ChatServer.Application\Cypherly.ChatServer.Application.csproj", "{6A173959-0C65-4A4E-9788-C0B5209040B2}"
EndProject
Project("{FAE04EC0-301F-11D3-BF4B-00C04F79EFBC}") = "Cypherly.ChatServer.Domain", "Cypherly.ChatServer.Domain\Cypherly.ChatServer.Domain.csproj", "{DC37BB5C-D4BE-4A3D-86F4-11D7CFC4C970}"
EndProject
Project("{FAE04EC0-301F-11D3-BF4B-00C04F79EFBC}") = "Cypherly.ChatServer.Valkey", "Cypherly.ChatServer.Valkey\Cypherly.ChatServer.Valkey.csproj", "{47D2B55E-3D4A-4F98-9C00-44D8BBAE61F9}"
EndProject
Project("{2150E333-8FDC-42A3-9474-1A3956D46DE8}") = "Cypherly.ChatServer.Test", "Cypherly.ChatServer.Test", "{9985D49A-2B55-4D1D-B3D7-175348D27B92}"
EndProject
Project("{FAE04EC0-301F-11D3-BF4B-00C04F79EFBC}") = "Cypherly.ChatServer.Application.Test.Integration", "Cypherly.ChatServer.Application.Test.Integration\Cypherly.ChatServer.Application.Test.Integration.csproj", "{EE3DDBE4-3666-4163-93F0-D0FE3D9777F1}"
EndProject
Project("{FAE04EC0-301F-11D3-BF4B-00C04F79EFBC}") = "Cypherly.ChatServer.Application.Test.Unit", "Cypherly.ChatServer.Application.Test.Unit\Cypherly.ChatServer.Application.Test.Unit.csproj", "{5B399750-DA0E-4E46-9D76-2BDFE4CAAA26}"
EndProject
Global
	GlobalSection(SolutionConfigurationPlatforms) = preSolution
		Debug|Any CPU = Debug|Any CPU
		Release|Any CPU = Release|Any CPU
	EndGlobalSection
	GlobalSection(ProjectConfigurationPlatforms) = postSolution
		{F62BB38C-EAD8-4882-86F4-C06114A1FB03}.Debug|Any CPU.ActiveCfg = Debug|Any CPU
		{F62BB38C-EAD8-4882-86F4-C06114A1FB03}.Debug|Any CPU.Build.0 = Debug|Any CPU
		{F62BB38C-EAD8-4882-86F4-C06114A1FB03}.Release|Any CPU.ActiveCfg = Release|Any CPU
		{F62BB38C-EAD8-4882-86F4-C06114A1FB03}.Release|Any CPU.Build.0 = Release|Any CPU
		{54777D72-E61A-495D-88F4-84A7E6B6DE03}.Debug|Any CPU.ActiveCfg = Debug|Any CPU
		{54777D72-E61A-495D-88F4-84A7E6B6DE03}.Debug|Any CPU.Build.0 = Debug|Any CPU
		{54777D72-E61A-495D-88F4-84A7E6B6DE03}.Release|Any CPU.ActiveCfg = Release|Any CPU
		{54777D72-E61A-495D-88F4-84A7E6B6DE03}.Release|Any CPU.Build.0 = Release|Any CPU
		{63BB4D90-CDFB-40E8-9636-96DDAB90FA6E}.Debug|Any CPU.ActiveCfg = Debug|Any CPU
		{63BB4D90-CDFB-40E8-9636-96DDAB90FA6E}.Debug|Any CPU.Build.0 = Debug|Any CPU
		{63BB4D90-CDFB-40E8-9636-96DDAB90FA6E}.Release|Any CPU.ActiveCfg = Release|Any CPU
		{63BB4D90-CDFB-40E8-9636-96DDAB90FA6E}.Release|Any CPU.Build.0 = Release|Any CPU
		{256F1CCB-0972-4850-A410-2E67A324C461}.Debug|Any CPU.ActiveCfg = Debug|Any CPU
		{256F1CCB-0972-4850-A410-2E67A324C461}.Debug|Any CPU.Build.0 = Debug|Any CPU
		{256F1CCB-0972-4850-A410-2E67A324C461}.Release|Any CPU.ActiveCfg = Release|Any CPU
		{256F1CCB-0972-4850-A410-2E67A324C461}.Release|Any CPU.Build.0 = Release|Any CPU
		{0B525638-FE25-4385-822B-5E93B97D6234}.Debug|Any CPU.ActiveCfg = Debug|Any CPU
		{0B525638-FE25-4385-822B-5E93B97D6234}.Debug|Any CPU.Build.0 = Debug|Any CPU
		{0B525638-FE25-4385-822B-5E93B97D6234}.Release|Any CPU.ActiveCfg = Release|Any CPU
		{0B525638-FE25-4385-822B-5E93B97D6234}.Release|Any CPU.Build.0 = Release|Any CPU
		{BBD38C80-3EBA-4611-8851-4FD658E527C8}.Debug|Any CPU.ActiveCfg = Debug|Any CPU
		{BBD38C80-3EBA-4611-8851-4FD658E527C8}.Debug|Any CPU.Build.0 = Debug|Any CPU
		{BBD38C80-3EBA-4611-8851-4FD658E527C8}.Release|Any CPU.ActiveCfg = Release|Any CPU
		{BBD38C80-3EBA-4611-8851-4FD658E527C8}.Release|Any CPU.Build.0 = Release|Any CPU
		{1D2E8A97-F292-4421-919F-F6B555C54E3C}.Debug|Any CPU.ActiveCfg = Debug|Any CPU
		{1D2E8A97-F292-4421-919F-F6B555C54E3C}.Debug|Any CPU.Build.0 = Debug|Any CPU
		{1D2E8A97-F292-4421-919F-F6B555C54E3C}.Release|Any CPU.ActiveCfg = Release|Any CPU
		{1D2E8A97-F292-4421-919F-F6B555C54E3C}.Release|Any CPU.Build.0 = Release|Any CPU
		{D7D9E91D-E989-42D9-BD8C-D0E8C4A2BA2E}.Debug|Any CPU.ActiveCfg = Debug|Any CPU
		{D7D9E91D-E989-42D9-BD8C-D0E8C4A2BA2E}.Debug|Any CPU.Build.0 = Debug|Any CPU
		{D7D9E91D-E989-42D9-BD8C-D0E8C4A2BA2E}.Release|Any CPU.ActiveCfg = Release|Any CPU
		{D7D9E91D-E989-42D9-BD8C-D0E8C4A2BA2E}.Release|Any CPU.Build.0 = Release|Any CPU
		{8E337A98-8218-4EC2-9262-408DF01DDFB2}.Debug|Any CPU.ActiveCfg = Debug|Any CPU
		{8E337A98-8218-4EC2-9262-408DF01DDFB2}.Debug|Any CPU.Build.0 = Debug|Any CPU
		{8E337A98-8218-4EC2-9262-408DF01DDFB2}.Release|Any CPU.ActiveCfg = Release|Any CPU
		{8E337A98-8218-4EC2-9262-408DF01DDFB2}.Release|Any CPU.Build.0 = Release|Any CPU
		{D1B7FA2D-C4A1-4307-9535-72FCE9CD7B8C}.Debug|Any CPU.ActiveCfg = Debug|Any CPU
		{D1B7FA2D-C4A1-4307-9535-72FCE9CD7B8C}.Debug|Any CPU.Build.0 = Debug|Any CPU
		{D1B7FA2D-C4A1-4307-9535-72FCE9CD7B8C}.Release|Any CPU.ActiveCfg = Release|Any CPU
		{D1B7FA2D-C4A1-4307-9535-72FCE9CD7B8C}.Release|Any CPU.Build.0 = Release|Any CPU
		{C346E2BF-4AC9-4252-92E6-5376DD402269}.Debug|Any CPU.ActiveCfg = Debug|Any CPU
		{C346E2BF-4AC9-4252-92E6-5376DD402269}.Debug|Any CPU.Build.0 = Debug|Any CPU
		{C346E2BF-4AC9-4252-92E6-5376DD402269}.Release|Any CPU.ActiveCfg = Release|Any CPU
		{C346E2BF-4AC9-4252-92E6-5376DD402269}.Release|Any CPU.Build.0 = Release|Any CPU
		{1E4A0D81-346A-436D-89D1-1C135B0B7851}.Debug|Any CPU.ActiveCfg = Debug|Any CPU
		{1E4A0D81-346A-436D-89D1-1C135B0B7851}.Debug|Any CPU.Build.0 = Debug|Any CPU
		{1E4A0D81-346A-436D-89D1-1C135B0B7851}.Release|Any CPU.ActiveCfg = Release|Any CPU
		{1E4A0D81-346A-436D-89D1-1C135B0B7851}.Release|Any CPU.Build.0 = Release|Any CPU
		{BBABFDB4-E516-4F54-A633-A7EF5D444BB8}.Debug|Any CPU.ActiveCfg = Debug|Any CPU
		{BBABFDB4-E516-4F54-A633-A7EF5D444BB8}.Debug|Any CPU.Build.0 = Debug|Any CPU
		{BBABFDB4-E516-4F54-A633-A7EF5D444BB8}.Release|Any CPU.ActiveCfg = Release|Any CPU
		{BBABFDB4-E516-4F54-A633-A7EF5D444BB8}.Release|Any CPU.Build.0 = Release|Any CPU
		{2E741E65-C36B-41B3-A433-3EBB78F3BC01}.Debug|Any CPU.ActiveCfg = Debug|Any CPU
		{2E741E65-C36B-41B3-A433-3EBB78F3BC01}.Debug|Any CPU.Build.0 = Debug|Any CPU
		{2E741E65-C36B-41B3-A433-3EBB78F3BC01}.Release|Any CPU.ActiveCfg = Release|Any CPU
		{2E741E65-C36B-41B3-A433-3EBB78F3BC01}.Release|Any CPU.Build.0 = Release|Any CPU
		{86E51C34-A2F3-4B0E-BF11-6233C117CDDB}.Debug|Any CPU.ActiveCfg = Debug|Any CPU
		{86E51C34-A2F3-4B0E-BF11-6233C117CDDB}.Debug|Any CPU.Build.0 = Debug|Any CPU
		{86E51C34-A2F3-4B0E-BF11-6233C117CDDB}.Release|Any CPU.ActiveCfg = Release|Any CPU
		{86E51C34-A2F3-4B0E-BF11-6233C117CDDB}.Release|Any CPU.Build.0 = Release|Any CPU
		{0039AE6C-7E26-4B32-ABED-942F4C274B78}.Debug|Any CPU.ActiveCfg = Debug|Any CPU
		{0039AE6C-7E26-4B32-ABED-942F4C274B78}.Debug|Any CPU.Build.0 = Debug|Any CPU
		{0039AE6C-7E26-4B32-ABED-942F4C274B78}.Release|Any CPU.ActiveCfg = Release|Any CPU
		{0039AE6C-7E26-4B32-ABED-942F4C274B78}.Release|Any CPU.Build.0 = Release|Any CPU
		{1EFDDFE7-F9DB-4F7C-ACC0-1CB6698E3D39}.Debug|Any CPU.ActiveCfg = Debug|Any CPU
		{1EFDDFE7-F9DB-4F7C-ACC0-1CB6698E3D39}.Debug|Any CPU.Build.0 = Debug|Any CPU
		{1EFDDFE7-F9DB-4F7C-ACC0-1CB6698E3D39}.Release|Any CPU.ActiveCfg = Release|Any CPU
		{1EFDDFE7-F9DB-4F7C-ACC0-1CB6698E3D39}.Release|Any CPU.Build.0 = Release|Any CPU
		{0414AF85-92BA-45B6-B95B-28F270D5A31E}.Debug|Any CPU.ActiveCfg = Debug|Any CPU
		{0414AF85-92BA-45B6-B95B-28F270D5A31E}.Debug|Any CPU.Build.0 = Debug|Any CPU
		{0414AF85-92BA-45B6-B95B-28F270D5A31E}.Release|Any CPU.ActiveCfg = Release|Any CPU
		{0414AF85-92BA-45B6-B95B-28F270D5A31E}.Release|Any CPU.Build.0 = Release|Any CPU
		{4BAE76CB-9004-475B-B651-FC6441893914}.Debug|Any CPU.ActiveCfg = Debug|Any CPU
		{4BAE76CB-9004-475B-B651-FC6441893914}.Debug|Any CPU.Build.0 = Debug|Any CPU
		{4BAE76CB-9004-475B-B651-FC6441893914}.Release|Any CPU.ActiveCfg = Release|Any CPU
		{4BAE76CB-9004-475B-B651-FC6441893914}.Release|Any CPU.Build.0 = Release|Any CPU
		{96DE9446-D69A-4037-8066-959920804B8D}.Debug|Any CPU.ActiveCfg = Debug|Any CPU
		{96DE9446-D69A-4037-8066-959920804B8D}.Debug|Any CPU.Build.0 = Debug|Any CPU
		{96DE9446-D69A-4037-8066-959920804B8D}.Release|Any CPU.ActiveCfg = Release|Any CPU
		{96DE9446-D69A-4037-8066-959920804B8D}.Release|Any CPU.Build.0 = Release|Any CPU
		{2DF24CD5-38D4-4ACB-828F-34378E04B34F}.Debug|Any CPU.ActiveCfg = Debug|Any CPU
		{2DF24CD5-38D4-4ACB-828F-34378E04B34F}.Debug|Any CPU.Build.0 = Debug|Any CPU
		{2DF24CD5-38D4-4ACB-828F-34378E04B34F}.Release|Any CPU.ActiveCfg = Release|Any CPU
		{2DF24CD5-38D4-4ACB-828F-34378E04B34F}.Release|Any CPU.Build.0 = Release|Any CPU
		{DB33667A-C105-4E0D-B5BB-765FCF93C762}.Debug|Any CPU.ActiveCfg = Debug|Any CPU
		{DB33667A-C105-4E0D-B5BB-765FCF93C762}.Debug|Any CPU.Build.0 = Debug|Any CPU
		{DB33667A-C105-4E0D-B5BB-765FCF93C762}.Release|Any CPU.ActiveCfg = Release|Any CPU
		{DB33667A-C105-4E0D-B5BB-765FCF93C762}.Release|Any CPU.Build.0 = Release|Any CPU
		{05EACA90-2644-4BD0-93C1-256F56CC01E1}.Debug|Any CPU.ActiveCfg = Debug|Any CPU
		{05EACA90-2644-4BD0-93C1-256F56CC01E1}.Debug|Any CPU.Build.0 = Debug|Any CPU
		{05EACA90-2644-4BD0-93C1-256F56CC01E1}.Release|Any CPU.ActiveCfg = Release|Any CPU
		{05EACA90-2644-4BD0-93C1-256F56CC01E1}.Release|Any CPU.Build.0 = Release|Any CPU
		{E06001E5-A9E2-4F2F-8A80-4D368771349E}.Debug|Any CPU.ActiveCfg = Debug|Any CPU
		{E06001E5-A9E2-4F2F-8A80-4D368771349E}.Debug|Any CPU.Build.0 = Debug|Any CPU
		{E06001E5-A9E2-4F2F-8A80-4D368771349E}.Release|Any CPU.ActiveCfg = Release|Any CPU
		{E06001E5-A9E2-4F2F-8A80-4D368771349E}.Release|Any CPU.Build.0 = Release|Any CPU
		{66E5236F-7375-4E2B-817D-A2E68FD401A9}.Debug|Any CPU.ActiveCfg = Debug|Any CPU
		{66E5236F-7375-4E2B-817D-A2E68FD401A9}.Debug|Any CPU.Build.0 = Debug|Any CPU
		{66E5236F-7375-4E2B-817D-A2E68FD401A9}.Release|Any CPU.ActiveCfg = Release|Any CPU
		{66E5236F-7375-4E2B-817D-A2E68FD401A9}.Release|Any CPU.Build.0 = Release|Any CPU
		{911467ED-70E6-4E9B-A1BA-768C0196D00A}.Debug|Any CPU.ActiveCfg = Debug|Any CPU
		{911467ED-70E6-4E9B-A1BA-768C0196D00A}.Debug|Any CPU.Build.0 = Debug|Any CPU
		{911467ED-70E6-4E9B-A1BA-768C0196D00A}.Release|Any CPU.ActiveCfg = Release|Any CPU
		{911467ED-70E6-4E9B-A1BA-768C0196D00A}.Release|Any CPU.Build.0 = Release|Any CPU
		{CBA4C11F-B9CA-4933-B7D6-3A2F17F86C29}.Debug|Any CPU.ActiveCfg = Debug|Any CPU
		{CBA4C11F-B9CA-4933-B7D6-3A2F17F86C29}.Debug|Any CPU.Build.0 = Debug|Any CPU
		{CBA4C11F-B9CA-4933-B7D6-3A2F17F86C29}.Release|Any CPU.ActiveCfg = Release|Any CPU
		{CBA4C11F-B9CA-4933-B7D6-3A2F17F86C29}.Release|Any CPU.Build.0 = Release|Any CPU
		{C2F8BFA7-A559-4FDA-8350-A1B94CAFF4F0}.Debug|Any CPU.ActiveCfg = Debug|Any CPU
		{C2F8BFA7-A559-4FDA-8350-A1B94CAFF4F0}.Debug|Any CPU.Build.0 = Debug|Any CPU
		{C2F8BFA7-A559-4FDA-8350-A1B94CAFF4F0}.Release|Any CPU.ActiveCfg = Release|Any CPU
		{C2F8BFA7-A559-4FDA-8350-A1B94CAFF4F0}.Release|Any CPU.Build.0 = Release|Any CPU
		{BEFC1B36-6D64-4F11-A1B7-B85F922ED098}.Debug|Any CPU.ActiveCfg = Debug|Any CPU
		{BEFC1B36-6D64-4F11-A1B7-B85F922ED098}.Debug|Any CPU.Build.0 = Debug|Any CPU
		{BEFC1B36-6D64-4F11-A1B7-B85F922ED098}.Release|Any CPU.ActiveCfg = Release|Any CPU
		{BEFC1B36-6D64-4F11-A1B7-B85F922ED098}.Release|Any CPU.Build.0 = Release|Any CPU
		{38506443-D270-4E6F-8C18-A16D719FEE51}.Debug|Any CPU.ActiveCfg = Debug|Any CPU
		{38506443-D270-4E6F-8C18-A16D719FEE51}.Debug|Any CPU.Build.0 = Debug|Any CPU
		{38506443-D270-4E6F-8C18-A16D719FEE51}.Release|Any CPU.ActiveCfg = Release|Any CPU
		{38506443-D270-4E6F-8C18-A16D719FEE51}.Release|Any CPU.Build.0 = Release|Any CPU
		{21223157-2D0E-46DB-AED4-97FFAC926F83}.Debug|Any CPU.ActiveCfg = Debug|Any CPU
		{21223157-2D0E-46DB-AED4-97FFAC926F83}.Debug|Any CPU.Build.0 = Debug|Any CPU
		{21223157-2D0E-46DB-AED4-97FFAC926F83}.Release|Any CPU.ActiveCfg = Release|Any CPU
		{21223157-2D0E-46DB-AED4-97FFAC926F83}.Release|Any CPU.Build.0 = Release|Any CPU
		{0E49DF6D-4E36-4EFA-AD37-7F4C0310DAB8}.Debug|Any CPU.ActiveCfg = Debug|Any CPU
		{0E49DF6D-4E36-4EFA-AD37-7F4C0310DAB8}.Debug|Any CPU.Build.0 = Debug|Any CPU
		{0E49DF6D-4E36-4EFA-AD37-7F4C0310DAB8}.Release|Any CPU.ActiveCfg = Release|Any CPU
		{0E49DF6D-4E36-4EFA-AD37-7F4C0310DAB8}.Release|Any CPU.Build.0 = Release|Any CPU
		{38407EE2-2BFD-4BE2-9366-58BA87EA30C9}.Debug|Any CPU.ActiveCfg = Debug|Any CPU
		{38407EE2-2BFD-4BE2-9366-58BA87EA30C9}.Debug|Any CPU.Build.0 = Debug|Any CPU
		{38407EE2-2BFD-4BE2-9366-58BA87EA30C9}.Release|Any CPU.ActiveCfg = Release|Any CPU
		{38407EE2-2BFD-4BE2-9366-58BA87EA30C9}.Release|Any CPU.Build.0 = Release|Any CPU
		{6126BE0D-2E39-42A9-9B6B-C9C3A9842005}.Debug|Any CPU.ActiveCfg = Debug|Any CPU
		{6126BE0D-2E39-42A9-9B6B-C9C3A9842005}.Debug|Any CPU.Build.0 = Debug|Any CPU
		{6126BE0D-2E39-42A9-9B6B-C9C3A9842005}.Release|Any CPU.ActiveCfg = Release|Any CPU
		{6126BE0D-2E39-42A9-9B6B-C9C3A9842005}.Release|Any CPU.Build.0 = Release|Any CPU
		{78271992-B102-41E4-8211-1C62A35CF064}.Debug|Any CPU.ActiveCfg = Debug|Any CPU
		{78271992-B102-41E4-8211-1C62A35CF064}.Debug|Any CPU.Build.0 = Debug|Any CPU
		{78271992-B102-41E4-8211-1C62A35CF064}.Release|Any CPU.ActiveCfg = Release|Any CPU
		{78271992-B102-41E4-8211-1C62A35CF064}.Release|Any CPU.Build.0 = Release|Any CPU
		{38CDF05D-E75C-4768-B4AA-E415ABA1B8EC}.Debug|Any CPU.ActiveCfg = Debug|Any CPU
		{38CDF05D-E75C-4768-B4AA-E415ABA1B8EC}.Debug|Any CPU.Build.0 = Debug|Any CPU
		{38CDF05D-E75C-4768-B4AA-E415ABA1B8EC}.Release|Any CPU.ActiveCfg = Release|Any CPU
		{38CDF05D-E75C-4768-B4AA-E415ABA1B8EC}.Release|Any CPU.Build.0 = Release|Any CPU
		{6A173959-0C65-4A4E-9788-C0B5209040B2}.Debug|Any CPU.ActiveCfg = Debug|Any CPU
		{6A173959-0C65-4A4E-9788-C0B5209040B2}.Debug|Any CPU.Build.0 = Debug|Any CPU
		{6A173959-0C65-4A4E-9788-C0B5209040B2}.Release|Any CPU.ActiveCfg = Release|Any CPU
		{6A173959-0C65-4A4E-9788-C0B5209040B2}.Release|Any CPU.Build.0 = Release|Any CPU
		{DC37BB5C-D4BE-4A3D-86F4-11D7CFC4C970}.Debug|Any CPU.ActiveCfg = Debug|Any CPU
		{DC37BB5C-D4BE-4A3D-86F4-11D7CFC4C970}.Debug|Any CPU.Build.0 = Debug|Any CPU
		{DC37BB5C-D4BE-4A3D-86F4-11D7CFC4C970}.Release|Any CPU.ActiveCfg = Release|Any CPU
		{DC37BB5C-D4BE-4A3D-86F4-11D7CFC4C970}.Release|Any CPU.Build.0 = Release|Any CPU
		{47D2B55E-3D4A-4F98-9C00-44D8BBAE61F9}.Debug|Any CPU.ActiveCfg = Debug|Any CPU
		{47D2B55E-3D4A-4F98-9C00-44D8BBAE61F9}.Debug|Any CPU.Build.0 = Debug|Any CPU
		{47D2B55E-3D4A-4F98-9C00-44D8BBAE61F9}.Release|Any CPU.ActiveCfg = Release|Any CPU
		{47D2B55E-3D4A-4F98-9C00-44D8BBAE61F9}.Release|Any CPU.Build.0 = Release|Any CPU
		{EE3DDBE4-3666-4163-93F0-D0FE3D9777F1}.Debug|Any CPU.ActiveCfg = Debug|Any CPU
		{EE3DDBE4-3666-4163-93F0-D0FE3D9777F1}.Debug|Any CPU.Build.0 = Debug|Any CPU
		{EE3DDBE4-3666-4163-93F0-D0FE3D9777F1}.Release|Any CPU.ActiveCfg = Release|Any CPU
		{EE3DDBE4-3666-4163-93F0-D0FE3D9777F1}.Release|Any CPU.Build.0 = Release|Any CPU
		{5B399750-DA0E-4E46-9D76-2BDFE4CAAA26}.Debug|Any CPU.ActiveCfg = Debug|Any CPU
		{5B399750-DA0E-4E46-9D76-2BDFE4CAAA26}.Debug|Any CPU.Build.0 = Debug|Any CPU
		{5B399750-DA0E-4E46-9D76-2BDFE4CAAA26}.Release|Any CPU.ActiveCfg = Release|Any CPU
		{5B399750-DA0E-4E46-9D76-2BDFE4CAAA26}.Release|Any CPU.Build.0 = Release|Any CPU
	EndGlobalSection
	GlobalSection(NestedProjects) = preSolution
		{8918B395-BF77-410D-A2CE-8D0389FD3EB8} = {D388C026-0CAC-4E23-AFC5-080C14BC571D}
		{54777D72-E61A-495D-88F4-84A7E6B6DE03} = {EFD5686F-D5D3-4BD0-BFBC-0C776BDD0413}
		{63BB4D90-CDFB-40E8-9636-96DDAB90FA6E} = {CA28311D-8063-462F-9FA0-1C4E5FDFA7B0}
		{ECC35AA6-754E-40A8-B62D-0557715E42AA} = {8918B395-BF77-410D-A2CE-8D0389FD3EB8}
		{D1B7FA2D-C4A1-4307-9535-72FCE9CD7B8C} = {ECC35AA6-754E-40A8-B62D-0557715E42AA}
		{BDA59F14-F25E-4483-BB4C-A93DA1A4CFD8} = {E895BA28-EE61-4B1D-A846-77FDD447597D}
		{1E4A0D81-346A-436D-89D1-1C135B0B7851} = {BDA59F14-F25E-4483-BB4C-A93DA1A4CFD8}
		{6ACA2E08-F122-4F46-8774-90F0CD4705C3} = {E895BA28-EE61-4B1D-A846-77FDD447597D}
		{BBABFDB4-E516-4F54-A633-A7EF5D444BB8} = {6ACA2E08-F122-4F46-8774-90F0CD4705C3}
		{2E741E65-C36B-41B3-A433-3EBB78F3BC01} = {BDA59F14-F25E-4483-BB4C-A93DA1A4CFD8}
		{86E51C34-A2F3-4B0E-BF11-6233C117CDDB} = {BDA59F14-F25E-4483-BB4C-A93DA1A4CFD8}
		{26F11944-D49E-4C9B-885B-92B642A5EAE4} = {8918B395-BF77-410D-A2CE-8D0389FD3EB8}
		{0039AE6C-7E26-4B32-ABED-942F4C274B78} = {26F11944-D49E-4C9B-885B-92B642A5EAE4}
		{0414AF85-92BA-45B6-B95B-28F270D5A31E} = {26F11944-D49E-4C9B-885B-92B642A5EAE4}
		{FB7A00E3-FAB1-45B6-B563-CD6DF78FAC6D} = {E895BA28-EE61-4B1D-A846-77FDD447597D}
		{4BAE76CB-9004-475B-B651-FC6441893914} = {FB7A00E3-FAB1-45B6-B563-CD6DF78FAC6D}
		{96DE9446-D69A-4037-8066-959920804B8D} = {6ACA2E08-F122-4F46-8774-90F0CD4705C3}
		{2DF24CD5-38D4-4ACB-828F-34378E04B34F} = {6ACA2E08-F122-4F46-8774-90F0CD4705C3}
		{19A86B3A-127B-416E-A295-31191A5F32D0} = {E895BA28-EE61-4B1D-A846-77FDD447597D}
		{DB33667A-C105-4E0D-B5BB-765FCF93C762} = {19A86B3A-127B-416E-A295-31191A5F32D0}
		{05EACA90-2644-4BD0-93C1-256F56CC01E1} = {19A86B3A-127B-416E-A295-31191A5F32D0}
		{E06001E5-A9E2-4F2F-8A80-4D368771349E} = {BDA59F14-F25E-4483-BB4C-A93DA1A4CFD8}
		{66E5236F-7375-4E2B-817D-A2E68FD401A9} = {E895BA28-EE61-4B1D-A846-77FDD447597D}
		{911467ED-70E6-4E9B-A1BA-768C0196D00A} = {6ACA2E08-F122-4F46-8774-90F0CD4705C3}
		{CBA4C11F-B9CA-4933-B7D6-3A2F17F86C29} = {FB7A00E3-FAB1-45B6-B563-CD6DF78FAC6D}
		{BEFC1B36-6D64-4F11-A1B7-B85F922ED098} = {6ACA2E08-F122-4F46-8774-90F0CD4705C3}
		{0E49DF6D-4E36-4EFA-AD37-7F4C0310DAB8} = {26F11944-D49E-4C9B-885B-92B642A5EAE4}
		{38407EE2-2BFD-4BE2-9366-58BA87EA30C9} = {19A86B3A-127B-416E-A295-31191A5F32D0}
		{6A93D0E3-F74C-4B46-A88E-1284E1A99775} = {D388C026-0CAC-4E23-AFC5-080C14BC571D}
		{256F1CCB-0972-4850-A410-2E67A324C461} = {6A93D0E3-F74C-4B46-A88E-1284E1A99775}
		{F62BB38C-EAD8-4882-86F4-C06114A1FB03} = {6A93D0E3-F74C-4B46-A88E-1284E1A99775}
		{0B525638-FE25-4385-822B-5E93B97D6234} = {6A93D0E3-F74C-4B46-A88E-1284E1A99775}
		{8E337A98-8218-4EC2-9262-408DF01DDFB2} = {6A93D0E3-F74C-4B46-A88E-1284E1A99775}
		{6126BE0D-2E39-42A9-9B6B-C9C3A9842005} = {6A93D0E3-F74C-4B46-A88E-1284E1A99775}
		{A38CA488-CDBB-4816-BEEB-A5AC2D912607} = {D388C026-0CAC-4E23-AFC5-080C14BC571D}
		{C346E2BF-4AC9-4252-92E6-5376DD402269} = {A38CA488-CDBB-4816-BEEB-A5AC2D912607}
		{BBD38C80-3EBA-4611-8851-4FD658E527C8} = {A38CA488-CDBB-4816-BEEB-A5AC2D912607}
		{1D2E8A97-F292-4421-919F-F6B555C54E3C} = {A38CA488-CDBB-4816-BEEB-A5AC2D912607}
		{C2F8BFA7-A559-4FDA-8350-A1B94CAFF4F0} = {A38CA488-CDBB-4816-BEEB-A5AC2D912607}
		{D7D9E91D-E989-42D9-BD8C-D0E8C4A2BA2E} = {A38CA488-CDBB-4816-BEEB-A5AC2D912607}
		{EFD5686F-D5D3-4BD0-BFBC-0C776BDD0413} = {8918B395-BF77-410D-A2CE-8D0389FD3EB8}
		{FBB8E791-E41F-4207-9D92-3B6500B8B1C1} = {8918B395-BF77-410D-A2CE-8D0389FD3EB8}
		{CA28311D-8063-462F-9FA0-1C4E5FDFA7B0} = {8918B395-BF77-410D-A2CE-8D0389FD3EB8}
		{5047DA5C-284A-420C-BFA4-D3C285D6FC32} = {D388C026-0CAC-4E23-AFC5-080C14BC571D}
		{1EFDDFE7-F9DB-4F7C-ACC0-1CB6698E3D39} = {5047DA5C-284A-420C-BFA4-D3C285D6FC32}
		{38506443-D270-4E6F-8C18-A16D719FEE51} = {FBB8E791-E41F-4207-9D92-3B6500B8B1C1}
		{19E7FB9E-86C9-40F4-83F3-5A50CB49971D} = {D388C026-0CAC-4E23-AFC5-080C14BC571D}
		{21223157-2D0E-46DB-AED4-97FFAC926F83} = {19E7FB9E-86C9-40F4-83F3-5A50CB49971D}
		{D9F0428A-9F33-4AEE-A853-1FAA4B9C1297} = {D388C026-0CAC-4E23-AFC5-080C14BC571D}
		{78271992-B102-41E4-8211-1C62A35CF064} = {D9F0428A-9F33-4AEE-A853-1FAA4B9C1297}
		{38CDF05D-E75C-4768-B4AA-E415ABA1B8EC} = {D9F0428A-9F33-4AEE-A853-1FAA4B9C1297}
		{6A173959-0C65-4A4E-9788-C0B5209040B2} = {D9F0428A-9F33-4AEE-A853-1FAA4B9C1297}
		{DC37BB5C-D4BE-4A3D-86F4-11D7CFC4C970} = {D9F0428A-9F33-4AEE-A853-1FAA4B9C1297}
		{47D2B55E-3D4A-4F98-9C00-44D8BBAE61F9} = {D9F0428A-9F33-4AEE-A853-1FAA4B9C1297}
		{9985D49A-2B55-4D1D-B3D7-175348D27B92} = {E895BA28-EE61-4B1D-A846-77FDD447597D}
		{EE3DDBE4-3666-4163-93F0-D0FE3D9777F1} = {9985D49A-2B55-4D1D-B3D7-175348D27B92}
		{5B399750-DA0E-4E46-9D76-2BDFE4CAAA26} = {9985D49A-2B55-4D1D-B3D7-175348D27B92}
	EndGlobalSection
EndGlobal
